%{"cowboy": {:hex, :cowboy, "1.0.0"},
  "cowlib": {:hex, :cowlib, "1.0.1"},
  "decorators": {:git, "git://github.com/chrisavl/erlang_decorators.git", "b14949efc938157604447adc29a71913298fe67f", [branch: "master"]},
  "dotenv": {:hex, :dotenv, "0.0.4"},
  "edown": {:git, "git://github.com/uwiger/edown.git", "d62ec85281e451a46ba30045917c119d65b72a84", [tag: "0.5"]},
  "exjsx": {:hex, :exjsx, "3.1.0"},
  "hackney": {:hex, :hackney, "1.0.6"},
  "httpoison": {:hex, :httpoison, "0.6.2"},
  "idna": {:hex, :idna, "1.0.2"},
  "jazz": {:hex, :jazz, "0.2.1"},
  "jiffy": {:git, "https://github.com/davisp/jiffy.git", "137d3d94b6ee10001d761d412cbbe7f665680c98", [ref: "master"]},
  "jsx": {:hex, :jsx, "2.4.0"},
  "lhttpc": {:git, "git://github.com/ferd/lhttpc.git", "de7e48fb1045bbe522fa01f7c2c7839d89f04f88", [ref: "master"]},
  "meck": {:git, "git://github.com/eproxus/meck.git", "dde759050eff19a1a80fd854d7375174b191665d", [tag: "0.8.2"]},
  "memcache": {:git, "git://github.com/cloud8421/memcache-ex.git", "f7915dc0f90427d19f8ffcc245bceb38613f83ce", [branch: "hibernate"]},
  "mock": {:git, "git://github.com/jjh42/mock.git", "9952e1b7b8a1e0ec1af15cac6a736fcdb0dcc170", []},
  "newrelic": {:git, "git://github.com/wooga/newrelic-erlang.git", "ce63c4a69561d3677f45334ba2c93876b4661229", []},
  "parse_trans": {:git, "git://github.com/uwiger/parse_trans.git", "5a7bba2697be32fa4cf5823ee0dc4883d8c0f8af", [branch: "master"]},
  "plug": {:hex, :plug, "0.9.0"},
  "poolboy": {:hex, :poolboy, "1.3.0"},
  "porcelain": {:hex, :porcelain, "2.0.0"},
  "ranch": {:hex, :ranch, "1.0.0"},
  "recon": {:hex, :recon, "2.2.0"},
  "ssl_verify_hostname": {:hex, :ssl_verify_hostname, "1.0.1"},
  "statman": {:git, "git://github.com/knutin/statman.git", "e6ff10815eac1e613b619e69db06d635f1a4a488", [ref: "master"]}}
