%{"cowboy": {:package, "1.0.0"},
  "cowlib": {:package, "1.0.0"},
  "dotenv": {:package, "0.0.3"},
  "hackney": {:package, "0.14.1"},
  "httpoison": {:package, "0.5.0"},
  "idna": {:package, "1.0.1"},
  "jazz": {:package, "0.2.1"},
  "plug": {:package, "0.8.1"},
  "poolboy": {:package, "1.3.0"},
  "porcelain": {:package, "2.0.0"},
  "ranch": {:package, "1.0.0"}}
