%{"cowboy": {:hex, :cowboy, "1.0.0"},
  "cowlib": {:hex, :cowlib, "1.0.0"},
  "dotenv": {:hex, :dotenv, "0.0.3"},
  "hackney": {:hex, :hackney, "0.14.3"},
  "httpoison": {:hex, :httpoison, "0.5.0"},
  "idna": {:hex, :idna, "1.0.1"},
  "jazz": {:hex, :jazz, "0.2.1"},
  "meck": {:git, "git://github.com/eproxus/meck.git", "dde759050eff19a1a80fd854d7375174b191665d", [tag: "0.8.2"]},
  "mock": {:git, "git://github.com/jjh42/mock.git", "9952e1b7b8a1e0ec1af15cac6a736fcdb0dcc170", []},
  "plug": {:hex, :plug, "0.8.4"},
  "poolboy": {:hex, :poolboy, "1.3.0"},
  "porcelain": {:hex, :porcelain, "2.0.0"},
  "ranch": {:hex, :ranch, "1.0.0"}}
